<Solution>
  <Folder Name="/src/">
    <Project Path="apps/Api/src/TestCraft.Api/TestCraft.Api.csproj" />
    <Project Path="apps/Api/src/TestCraft.Application/TestCraft.Application.csproj" />
    <Project Path="apps/Api/src/TestCraft.Domain/TestCraft.Domain.csproj" />
    <Project Path="apps/Api/src/TestCraft.Infrastructure/TestCraft.Infrastructure.csproj" />
  </Folder>
  <Folder Name="/tests/">
    <Project Path="apps/Api/tests/TestCraft.Api.Tests/TestCraft.Api.Tests.csproj" />
  </Folder>
</Solution>
